
Microsoft Visual Studio Solution File, Format Version 12.00
# Visual Studio Version 17
VisualStudioVersion = 17.8.34330.188
MinimumVisualStudioVersion = 10.0.40219.1
Project("{FAE04EC0-301F-11D3-BF4B-00C04F79EFBC}") = "E-PostaGöndermeİşlemler", "E-PostaGöndermeİşlemler.csproj", "{2F5C562D-5843-46D7-A23F-5B6DCA32F8A9}"
EndProject
Global
	GlobalSection(SolutionConfigurationPlatforms) = preSolution
		Debug|Any CPU = Debug|Any CPU
		Release|Any CPU = Release|Any CPU
	EndGlobalSection
	GlobalSection(ProjectConfigurationPlatforms) = postSolution
		{2F5C562D-5843-46D7-A23F-5B6DCA32F8A9}.Debug|Any CPU.ActiveCfg = Debug|Any CPU
		{2F5C562D-5843-46D7-A23F-5B6DCA32F8A9}.Debug|Any CPU.Build.0 = Debug|Any CPU
		{2F5C562D-5843-46D7-A23F-5B6DCA32F8A9}.Release|Any CPU.ActiveCfg = Release|Any CPU
		{2F5C562D-5843-46D7-A23F-5B6DCA32F8A9}.Release|Any CPU.Build.0 = Release|Any CPU
	EndGlobalSection
	GlobalSection(SolutionProperties) = preSolution
		HideSolutionNode = FALSE
	EndGlobalSection
	GlobalSection(ExtensibilityGlobals) = postSolution
		SolutionGuid = {B3C98632-D1F7-4A1A-90D9-20E88D8F5A65}
	EndGlobalSection
EndGlobal
